{
  "version": 4,
  "terraform_version": "1.1.9",
  "serial": 895,
  "lineage": "3f74d2e7-7d21-6920-19a0-951f57c27a50",
  "outputs": {},
  "resources": [
    {
      "mode": "managed",
      "type": "aws_security_group",
      "name": "sg1",
      "provider": "provider[\"registry.terraform.io/hashicorp/aws\"]",
      "instances": [
        {
          "schema_version": 1,
          "attributes": {
            "arn": "arn:aws:ec2:us-east-2:955029426838:security-group/sg-06e8b1f018daf47bf",
            "description": "Managed by Terraform",
            "egress": [],
            "id": "sg-06e8b1f018daf47bf",
            "ingress": [
              {
                "cidr_blocks": [
                  "0.0.0.0/0"
                ],
                "description": "",
                "from_port": 22,
                "ipv6_cidr_blocks": [],
                "prefix_list_ids": [],
                "protocol": "tcp",
                "security_groups": [],
                "self": false,
                "to_port": 22
              }
            ],
            "name": "sg1-tcp",
            "name_prefix": "",
            "owner_id": "955029426838",
            "revoke_rules_on_delete": false,
            "tags": {
              "Name": "sg1-tcp"
            },
            "tags_all": {
              "Name": "sg1-tcp"
            },
            "timeouts": null,
            "vpc_id": "vpc-0f3d2378f2a8ce8c8"
          },
          "sensitive_attributes": [],
          "private": "eyJlMmJmYjczMC1lY2FhLTExZTYtOGY4OC0zNDM2M2JjN2M0YzAiOnsiY3JlYXRlIjo2MDAwMDAwMDAwMDAsImRlbGV0ZSI6OTAwMDAwMDAwMDAwfSwic2NoZW1hX3ZlcnNpb24iOiIxIn0=",
          "dependencies": [
            "module.vpc.aws_vpc.this",
            "random_string.suffix"
          ],
          "create_before_destroy": true
        }
      ]
    },
    {
      "mode": "managed",
      "type": "random_string",
      "name": "suffix",
      "provider": "provider[\"registry.terraform.io/hashicorp/random\"]",
      "instances": [
        {
          "schema_version": 1,
          "attributes": {
            "id": "4F7V",
            "keepers": null,
            "length": 4,
            "lower": true,
            "min_lower": 0,
            "min_numeric": 0,
            "min_special": 0,
            "min_upper": 0,
            "number": true,
            "override_special": null,
            "result": "4F7V",
            "special": false,
            "upper": true
          },
          "sensitive_attributes": [],
          "private": "eyJzY2hlbWFfdmVyc2lvbiI6IjEifQ==",
          "create_before_destroy": true
        }
      ]
    },
    {
      "module": "module.vpc",
      "mode": "managed",
      "type": "aws_vpc",
      "name": "this",
      "provider": "provider[\"registry.terraform.io/hashicorp/aws\"]",
      "instances": [
        {
          "index_key": 0,
          "schema_version": 1,
          "attributes": {
            "arn": "arn:aws:ec2:us-east-2:955029426838:vpc/vpc-0f3d2378f2a8ce8c8",
            "assign_generated_ipv6_cidr_block": false,
            "cidr_block": "10.0.0.0/16",
            "default_network_acl_id": "acl-03ccaf648856b04c5",
            "default_route_table_id": "rtb-0798316f7cf7e5131",
            "default_security_group_id": "sg-0e2a3bd24ae815d9a",
            "dhcp_options_id": "dopt-043e3d3c8ee061d62",
            "enable_classiclink": false,
            "enable_classiclink_dns_support": false,
            "enable_dns_hostnames": true,
            "enable_dns_support": true,
            "id": "vpc-0f3d2378f2a8ce8c8",
            "instance_tenancy": "default",
            "ipv4_ipam_pool_id": null,
            "ipv4_netmask_length": null,
            "ipv6_association_id": "",
            "ipv6_cidr_block": "",
            "ipv6_cidr_block_network_border_group": "",
            "ipv6_ipam_pool_id": "",
            "ipv6_netmask_length": 0,
            "main_route_table_id": "rtb-0798316f7cf7e5131",
            "owner_id": "955029426838",
            "tags": {
              "Environment": "dev",
              "Name": "goHLL-vpc",
              "Terraform": "true",
              "kubernetes.io/cluster/goHLL-eks-4F7V": "shared"
            },
            "tags_all": {
              "Environment": "dev",
              "Name": "goHLL-vpc",
              "Terraform": "true",
              "kubernetes.io/cluster/goHLL-eks-4F7V": "shared"
            }
          },
          "sensitive_attributes": [],
          "private": "eyJzY2hlbWFfdmVyc2lvbiI6IjEifQ==",
          "dependencies": [
            "random_string.suffix"
          ],
          "create_before_destroy": true
        }
      ]
    }
  ]
}
